
Microsoft Visual Studio Solution File, Format Version 12.00
Project("{FAE04EC0-301F-11D3-BF4B-00C04F79EFBC}") = "AspectedRouting", "AspectedRouting\AspectedRouting.csproj", "{4A53D888-6872-4E5D-8022-338CC302473F}"
EndProject
Project("{FAE04EC0-301F-11D3-BF4B-00C04F79EFBC}") = "AspectedRouting.Test", "AspectedRouting.Test\AspectedRouting.Test.csproj", "{A1309041-8AAE-42D7-A886-94C9FFC6A28C}"
EndProject
Global
	GlobalSection(SolutionConfigurationPlatforms) = preSolution
		Debug|Any CPU = Debug|Any CPU
		Release|Any CPU = Release|Any CPU
	EndGlobalSection
	GlobalSection(ProjectConfigurationPlatforms) = postSolution
		{4A53D888-6872-4E5D-8022-338CC302473F}.Debug|Any CPU.ActiveCfg = Debug|Any CPU
		{4A53D888-6872-4E5D-8022-338CC302473F}.Debug|Any CPU.Build.0 = Debug|Any CPU
		{4A53D888-6872-4E5D-8022-338CC302473F}.Release|Any CPU.ActiveCfg = Release|Any CPU
		{4A53D888-6872-4E5D-8022-338CC302473F}.Release|Any CPU.Build.0 = Release|Any CPU
		{A1309041-8AAE-42D7-A886-94C9FFC6A28C}.Debug|Any CPU.ActiveCfg = Debug|Any CPU
		{A1309041-8AAE-42D7-A886-94C9FFC6A28C}.Debug|Any CPU.Build.0 = Debug|Any CPU
		{A1309041-8AAE-42D7-A886-94C9FFC6A28C}.Release|Any CPU.ActiveCfg = Release|Any CPU
		{A1309041-8AAE-42D7-A886-94C9FFC6A28C}.Release|Any CPU.Build.0 = Release|Any CPU
	EndGlobalSection
EndGlobal
